
Microsoft Visual Studio Solution File, Format Version 12.00
# Visual Studio Version 16
VisualStudioVersion = 16.0.30128.74
MinimumVisualStudioVersion = 10.0.40219.1
Project("{9A19103F-16F7-4668-BE54-9A1E7A4F7556}") = "Aspose.Svg.Tests", "Aspose.SVG.Tests\Aspose.Svg.Tests.csproj", "{450E9976-9156-485A-91AE-D008113C3B12}"
EndProject
Global
	GlobalSection(SolutionConfigurationPlatforms) = preSolution
		Debug|Any CPU = Debug|Any CPU
		Release|Any CPU = Release|Any CPU
	EndGlobalSection
	GlobalSection(ProjectConfigurationPlatforms) = postSolution
		{450E9976-9156-485A-91AE-D008113C3B12}.Debug|Any CPU.ActiveCfg = Debug|Any CPU
		{450E9976-9156-485A-91AE-D008113C3B12}.Debug|Any CPU.Build.0 = Debug|Any CPU
		{450E9976-9156-485A-91AE-D008113C3B12}.Release|Any CPU.ActiveCfg = Release|Any CPU
		{450E9976-9156-485A-91AE-D008113C3B12}.Release|Any CPU.Build.0 = Release|Any CPU
	EndGlobalSection
	GlobalSection(SolutionProperties) = preSolution
		HideSolutionNode = FALSE
	EndGlobalSection
	GlobalSection(ExtensibilityGlobals) = postSolution
		SolutionGuid = {13FF5A3C-E5D0-491F-A237-495D3A001481}
	EndGlobalSection
EndGlobal
